
Microsoft Visual Studio Solution File, Format Version 12.00
# Visual Studio Version 17
VisualStudioVersion = 17.4.33122.133
MinimumVisualStudioVersion = 10.0.40219.1
Project("{FAE04EC0-301F-11D3-BF4B-00C04F79EFBC}") = "ShoppingSystem", "ShoppingSystem\ShoppingSystem.csproj", "{28F9C8DE-1247-4471-A860-D57194A446F7}"
EndProject
Global
	GlobalSection(SolutionConfigurationPlatforms) = preSolution
		Debug|Any CPU = Debug|Any CPU
		Release|Any CPU = Release|Any CPU
	EndGlobalSection
	GlobalSection(ProjectConfigurationPlatforms) = postSolution
		{28F9C8DE-1247-4471-A860-D57194A446F7}.Debug|Any CPU.ActiveCfg = Debug|Any CPU
		{28F9C8DE-1247-4471-A860-D57194A446F7}.Debug|Any CPU.Build.0 = Debug|Any CPU
		{28F9C8DE-1247-4471-A860-D57194A446F7}.Release|Any CPU.ActiveCfg = Release|Any CPU
		{28F9C8DE-1247-4471-A860-D57194A446F7}.Release|Any CPU.Build.0 = Release|Any CPU
	EndGlobalSection
	GlobalSection(SolutionProperties) = preSolution
		HideSolutionNode = FALSE
	EndGlobalSection
	GlobalSection(ExtensibilityGlobals) = postSolution
		SolutionGuid = {5ECAF43F-DBA8-41CF-BB13-CB4ABDA9D443}
	EndGlobalSection
EndGlobal
